
Microsoft Visual Studio Solution File, Format Version 12.00
# Visual Studio Version 16
VisualStudioVersion = 16.0.31613.86
MinimumVisualStudioVersion = 10.0.40219.1
Project("{FAE04EC0-301F-11D3-BF4B-00C04F79EFBC}") = "ApiPostgreSql", "ApiPostgreSql\ApiPostgreSql.csproj", "{F4BCC3B4-603F-4C19-878F-44880203737E}"
EndProject
Global
	GlobalSection(SolutionConfigurationPlatforms) = preSolution
		Debug|Any CPU = Debug|Any CPU
		Release|Any CPU = Release|Any CPU
	EndGlobalSection
	GlobalSection(ProjectConfigurationPlatforms) = postSolution
		{F4BCC3B4-603F-4C19-878F-44880203737E}.Debug|Any CPU.ActiveCfg = Debug|Any CPU
		{F4BCC3B4-603F-4C19-878F-44880203737E}.Debug|Any CPU.Build.0 = Debug|Any CPU
		{F4BCC3B4-603F-4C19-878F-44880203737E}.Release|Any CPU.ActiveCfg = Release|Any CPU
		{F4BCC3B4-603F-4C19-878F-44880203737E}.Release|Any CPU.Build.0 = Release|Any CPU
	EndGlobalSection
	GlobalSection(SolutionProperties) = preSolution
		HideSolutionNode = FALSE
	EndGlobalSection
	GlobalSection(ExtensibilityGlobals) = postSolution
		SolutionGuid = {D6E1AADE-1290-408C-975F-05415234D5F9}
	EndGlobalSection
EndGlobal
