
Microsoft Visual Studio Solution File, Format Version 12.00
# Visual Studio Version 16
VisualStudioVersion = 16.0.30804.86
MinimumVisualStudioVersion = 10.0.40219.1
Project("{FAE04EC0-301F-11D3-BF4B-00C04F79EFBC}") = "EXERCICIOPROPOSTOFIXACAOCLASSE03", "EXERCICIOPROPOSTOFIXACAOCLASSE03\EXERCICIOPROPOSTOFIXACAOCLASSE03.csproj", "{292AB9DF-6E77-47D7-A12E-25FA3278985A}"
EndProject
Global
	GlobalSection(SolutionConfigurationPlatforms) = preSolution
		Debug|Any CPU = Debug|Any CPU
		Release|Any CPU = Release|Any CPU
	EndGlobalSection
	GlobalSection(ProjectConfigurationPlatforms) = postSolution
		{292AB9DF-6E77-47D7-A12E-25FA3278985A}.Debug|Any CPU.ActiveCfg = Debug|Any CPU
		{292AB9DF-6E77-47D7-A12E-25FA3278985A}.Debug|Any CPU.Build.0 = Debug|Any CPU
		{292AB9DF-6E77-47D7-A12E-25FA3278985A}.Release|Any CPU.ActiveCfg = Release|Any CPU
		{292AB9DF-6E77-47D7-A12E-25FA3278985A}.Release|Any CPU.Build.0 = Release|Any CPU
	EndGlobalSection
	GlobalSection(SolutionProperties) = preSolution
		HideSolutionNode = FALSE
	EndGlobalSection
	GlobalSection(ExtensibilityGlobals) = postSolution
		SolutionGuid = {92E5254C-08DF-413A-9F7E-3C1C94DCA368}
	EndGlobalSection
EndGlobal
