
Microsoft Visual Studio Solution File, Format Version 12.00
# Visual Studio Version 16
VisualStudioVersion = 16.0.30804.86
MinimumVisualStudioVersion = 10.0.40219.1
Project("{FAE04EC0-301F-11D3-BF4B-00C04F79EFBC}") = "EXERCICIOWHILE03", "EXERCICIOWHILE03\EXERCICIOWHILE03.csproj", "{C26070CE-C5B9-43B5-8BDD-A61179A1E53C}"
EndProject
Global
	GlobalSection(SolutionConfigurationPlatforms) = preSolution
		Debug|Any CPU = Debug|Any CPU
		Release|Any CPU = Release|Any CPU
	EndGlobalSection
	GlobalSection(ProjectConfigurationPlatforms) = postSolution
		{C26070CE-C5B9-43B5-8BDD-A61179A1E53C}.Debug|Any CPU.ActiveCfg = Debug|Any CPU
		{C26070CE-C5B9-43B5-8BDD-A61179A1E53C}.Debug|Any CPU.Build.0 = Debug|Any CPU
		{C26070CE-C5B9-43B5-8BDD-A61179A1E53C}.Release|Any CPU.ActiveCfg = Release|Any CPU
		{C26070CE-C5B9-43B5-8BDD-A61179A1E53C}.Release|Any CPU.Build.0 = Release|Any CPU
	EndGlobalSection
	GlobalSection(SolutionProperties) = preSolution
		HideSolutionNode = FALSE
	EndGlobalSection
	GlobalSection(ExtensibilityGlobals) = postSolution
		SolutionGuid = {BEB49671-1BB3-4559-8FD7-D0F82507AB13}
	EndGlobalSection
EndGlobal
