
Microsoft Visual Studio Solution File, Format Version 12.00
# Visual Studio Version 16
VisualStudioVersion = 16.0.30907.101
MinimumVisualStudioVersion = 10.0.40219.1
Project("{FAE04EC0-301F-11D3-BF4B-00C04F79EFBC}") = "ExericicioFixacaoSecao09", "ExericicioFixacaoSecao09\ExericicioFixacaoSecao09.csproj", "{5B40B677-0B1F-44BA-A2CB-5318456E4E7D}"
EndProject
Global
	GlobalSection(SolutionConfigurationPlatforms) = preSolution
		Debug|Any CPU = Debug|Any CPU
		Release|Any CPU = Release|Any CPU
	EndGlobalSection
	GlobalSection(ProjectConfigurationPlatforms) = postSolution
		{5B40B677-0B1F-44BA-A2CB-5318456E4E7D}.Debug|Any CPU.ActiveCfg = Debug|Any CPU
		{5B40B677-0B1F-44BA-A2CB-5318456E4E7D}.Debug|Any CPU.Build.0 = Debug|Any CPU
		{5B40B677-0B1F-44BA-A2CB-5318456E4E7D}.Release|Any CPU.ActiveCfg = Release|Any CPU
		{5B40B677-0B1F-44BA-A2CB-5318456E4E7D}.Release|Any CPU.Build.0 = Release|Any CPU
	EndGlobalSection
	GlobalSection(SolutionProperties) = preSolution
		HideSolutionNode = FALSE
	EndGlobalSection
	GlobalSection(ExtensibilityGlobals) = postSolution
		SolutionGuid = {ABCD2E35-37FB-4BCE-A536-FFD6D06D8F9F}
	EndGlobalSection
EndGlobal
