
Microsoft Visual Studio Solution File, Format Version 12.00
# Visual Studio Version 16
VisualStudioVersion = 16.0.30804.86
MinimumVisualStudioVersion = 10.0.40219.1
Project("{FAE04EC0-301F-11D3-BF4B-00C04F79EFBC}") = "PRIMEIROSEXERCICIOSCLASSE02", "PRIMEIROSEXERCICIOSCLASSE02\PRIMEIROSEXERCICIOSCLASSE02.csproj", "{AED00521-40D1-44A8-BBE1-94C3B7D704BA}"
EndProject
Global
	GlobalSection(SolutionConfigurationPlatforms) = preSolution
		Debug|Any CPU = Debug|Any CPU
		Release|Any CPU = Release|Any CPU
	EndGlobalSection
	GlobalSection(ProjectConfigurationPlatforms) = postSolution
		{AED00521-40D1-44A8-BBE1-94C3B7D704BA}.Debug|Any CPU.ActiveCfg = Debug|Any CPU
		{AED00521-40D1-44A8-BBE1-94C3B7D704BA}.Debug|Any CPU.Build.0 = Debug|Any CPU
		{AED00521-40D1-44A8-BBE1-94C3B7D704BA}.Release|Any CPU.ActiveCfg = Release|Any CPU
		{AED00521-40D1-44A8-BBE1-94C3B7D704BA}.Release|Any CPU.Build.0 = Release|Any CPU
	EndGlobalSection
	GlobalSection(SolutionProperties) = preSolution
		HideSolutionNode = FALSE
	EndGlobalSection
	GlobalSection(ExtensibilityGlobals) = postSolution
		SolutionGuid = {72CCEFE5-B1E2-43DD-9AC8-EB22F260643A}
	EndGlobalSection
EndGlobal
