
Microsoft Visual Studio Solution File, Format Version 12.00
# Visual Studio Version 16
VisualStudioVersion = 16.0.30804.86
MinimumVisualStudioVersion = 10.0.40219.1
Project("{FAE04EC0-301F-11D3-BF4B-00C04F79EFBC}") = "WHILE", "WHILE\WHILE.csproj", "{3D3A54F1-2B35-4334-B3F3-C17A3E68A6E3}"
EndProject
Global
	GlobalSection(SolutionConfigurationPlatforms) = preSolution
		Debug|Any CPU = Debug|Any CPU
		Release|Any CPU = Release|Any CPU
	EndGlobalSection
	GlobalSection(ProjectConfigurationPlatforms) = postSolution
		{3D3A54F1-2B35-4334-B3F3-C17A3E68A6E3}.Debug|Any CPU.ActiveCfg = Debug|Any CPU
		{3D3A54F1-2B35-4334-B3F3-C17A3E68A6E3}.Debug|Any CPU.Build.0 = Debug|Any CPU
		{3D3A54F1-2B35-4334-B3F3-C17A3E68A6E3}.Release|Any CPU.ActiveCfg = Release|Any CPU
		{3D3A54F1-2B35-4334-B3F3-C17A3E68A6E3}.Release|Any CPU.Build.0 = Release|Any CPU
	EndGlobalSection
	GlobalSection(SolutionProperties) = preSolution
		HideSolutionNode = FALSE
	EndGlobalSection
	GlobalSection(ExtensibilityGlobals) = postSolution
		SolutionGuid = {8896CD1B-6BFA-46CF-A03F-53F65E601212}
	EndGlobalSection
EndGlobal
